
Microsoft Visual Studio Solution File, Format Version 12.00
# Visual Studio Version 16
VisualStudioVersion = 16.0.31410.223
MinimumVisualStudioVersion = 10.0.40219.1
Project("{FAE04EC0-301F-11D3-BF4B-00C04F79EFBC}") = "LearnsAPI", "LearnsAPI\LearnsAPI.csproj", "{86C3D1FB-A635-49C1-B763-4916AF2E16D1}"
EndProject
Project("{FAE04EC0-301F-11D3-BF4B-00C04F79EFBC}") = "LearnMVC", "LearnMVC\LearnMVC.csproj", "{8CA1F67D-6140-4359-82BE-CBA33EC88C8C}"
EndProject
Project("{FAE04EC0-301F-11D3-BF4B-00C04F79EFBC}") = "LearnData", "LearnData\LearnData.csproj", "{EE0F7F21-529A-4E42-9350-B472E9AFE203}"
EndProject
Global
	GlobalSection(SolutionConfigurationPlatforms) = preSolution
		Debug|Any CPU = Debug|Any CPU
		Release|Any CPU = Release|Any CPU
	EndGlobalSection
	GlobalSection(ProjectConfigurationPlatforms) = postSolution
		{86C3D1FB-A635-49C1-B763-4916AF2E16D1}.Debug|Any CPU.ActiveCfg = Debug|Any CPU
		{86C3D1FB-A635-49C1-B763-4916AF2E16D1}.Debug|Any CPU.Build.0 = Debug|Any CPU
		{86C3D1FB-A635-49C1-B763-4916AF2E16D1}.Release|Any CPU.ActiveCfg = Release|Any CPU
		{86C3D1FB-A635-49C1-B763-4916AF2E16D1}.Release|Any CPU.Build.0 = Release|Any CPU
		{8CA1F67D-6140-4359-82BE-CBA33EC88C8C}.Debug|Any CPU.ActiveCfg = Debug|Any CPU
		{8CA1F67D-6140-4359-82BE-CBA33EC88C8C}.Debug|Any CPU.Build.0 = Debug|Any CPU
		{8CA1F67D-6140-4359-82BE-CBA33EC88C8C}.Release|Any CPU.ActiveCfg = Release|Any CPU
		{8CA1F67D-6140-4359-82BE-CBA33EC88C8C}.Release|Any CPU.Build.0 = Release|Any CPU
		{EE0F7F21-529A-4E42-9350-B472E9AFE203}.Debug|Any CPU.ActiveCfg = Debug|Any CPU
		{EE0F7F21-529A-4E42-9350-B472E9AFE203}.Debug|Any CPU.Build.0 = Debug|Any CPU
		{EE0F7F21-529A-4E42-9350-B472E9AFE203}.Release|Any CPU.ActiveCfg = Release|Any CPU
		{EE0F7F21-529A-4E42-9350-B472E9AFE203}.Release|Any CPU.Build.0 = Release|Any CPU
	EndGlobalSection
	GlobalSection(SolutionProperties) = preSolution
		HideSolutionNode = FALSE
	EndGlobalSection
	GlobalSection(ExtensibilityGlobals) = postSolution
		SolutionGuid = {247F1C22-51E7-46AF-BADC-2334B189D8BE}
	EndGlobalSection
EndGlobal
